
Microsoft Visual Studio Solution File, Format Version 12.00
# Visual Studio Version 17
VisualStudioVersion = 17.8.34525.116
MinimumVisualStudioVersion = 10.0.40219.1
Project("{FAE04EC0-301F-11D3-BF4B-00C04F79EFBC}") = "DnsSnap", "DnsSnap.csproj", "{816F245A-4BA9-4585-9FFE-1A4FD2329F24}"
EndProject
Global
	GlobalSection(SolutionConfigurationPlatforms) = preSolution
		Debug|Any CPU = Debug|Any CPU
		Release|Any CPU = Release|Any CPU
	EndGlobalSection
	GlobalSection(ProjectConfigurationPlatforms) = postSolution
		{816F245A-4BA9-4585-9FFE-1A4FD2329F24}.Debug|Any CPU.ActiveCfg = Debug|Any CPU
		{816F245A-4BA9-4585-9FFE-1A4FD2329F24}.Debug|Any CPU.Build.0 = Debug|Any CPU
		{816F245A-4BA9-4585-9FFE-1A4FD2329F24}.Release|Any CPU.ActiveCfg = Release|Any CPU
		{816F245A-4BA9-4585-9FFE-1A4FD2329F24}.Release|Any CPU.Build.0 = Release|Any CPU
	EndGlobalSection
	GlobalSection(SolutionProperties) = preSolution
		HideSolutionNode = FALSE
	EndGlobalSection
	GlobalSection(ExtensibilityGlobals) = postSolution
		SolutionGuid = {1DF2900E-99B6-4DFA-A18E-64C99CF8CF62}
	EndGlobalSection
EndGlobal
